
Microsoft Visual Studio Solution File, Format Version 12.00
# Visual Studio Version 17
VisualStudioVersion = 17.3.32929.385
MinimumVisualStudioVersion = 10.0.40219.1
Project("{FAE04EC0-301F-11D3-BF4B-00C04F79EFBC}") = "WebApplicationTest", "WebApplicationTest\WebApplicationTest.csproj", "{AD025932-91F8-43AE-8AEA-5A5625D57411}"
EndProject
Global
	GlobalSection(SolutionConfigurationPlatforms) = preSolution
		Debug|Any CPU = Debug|Any CPU
		Release|Any CPU = Release|Any CPU
	EndGlobalSection
	GlobalSection(ProjectConfigurationPlatforms) = postSolution
		{AD025932-91F8-43AE-8AEA-5A5625D57411}.Debug|Any CPU.ActiveCfg = Debug|Any CPU
		{AD025932-91F8-43AE-8AEA-5A5625D57411}.Debug|Any CPU.Build.0 = Debug|Any CPU
		{AD025932-91F8-43AE-8AEA-5A5625D57411}.Release|Any CPU.ActiveCfg = Release|Any CPU
		{AD025932-91F8-43AE-8AEA-5A5625D57411}.Release|Any CPU.Build.0 = Release|Any CPU
	EndGlobalSection
	GlobalSection(SolutionProperties) = preSolution
		HideSolutionNode = FALSE
	EndGlobalSection
	GlobalSection(ExtensibilityGlobals) = postSolution
		SolutionGuid = {F6DEB648-D035-4561-8F63-BFDBC48A7A21}
	EndGlobalSection
EndGlobal
